
Microsoft Visual Studio Solution File, Format Version 12.00
Project("{FAE04EC0-301F-11D3-BF4B-00C04F79EFBC}") = "QuizMaker", "QuizMaker\QuizMaker.csproj", "{046EBF7E-07F9-418B-A710-CE9A2F2974B8}"
EndProject
Global
	GlobalSection(SolutionConfigurationPlatforms) = preSolution
		Debug|Any CPU = Debug|Any CPU
		Release|Any CPU = Release|Any CPU
	EndGlobalSection
	GlobalSection(ProjectConfigurationPlatforms) = postSolution
		{046EBF7E-07F9-418B-A710-CE9A2F2974B8}.Debug|Any CPU.ActiveCfg = Debug|Any CPU
		{046EBF7E-07F9-418B-A710-CE9A2F2974B8}.Debug|Any CPU.Build.0 = Debug|Any CPU
		{046EBF7E-07F9-418B-A710-CE9A2F2974B8}.Release|Any CPU.ActiveCfg = Release|Any CPU
		{046EBF7E-07F9-418B-A710-CE9A2F2974B8}.Release|Any CPU.Build.0 = Release|Any CPU
	EndGlobalSection
EndGlobal
